
Microsoft Visual Studio Solution File, Format Version 12.00
# Visual Studio Version 17
VisualStudioVersion = 17.8.34330.188
MinimumVisualStudioVersion = 10.0.40219.1
Project("{9A19103F-16F7-4668-BE54-9A1E7A4F7556}") = "DSA.SortAlgorithms", "DSA.SortAlgorithms\DSA.SortAlgorithms.csproj", "{D9FD1D06-648B-4BC1-96EF-2FC782200F90}"
EndProject
Project("{2150E333-8FDC-42A3-9474-1A3956D46DE8}") = "Tests", "Tests", "{58F3635F-CD5D-4592-B4DC-1886AB7F644C}"
EndProject
Project("{9A19103F-16F7-4668-BE54-9A1E7A4F7556}") = "DSA.Tests.Unit", "DSA.Tests.Unit\DSA.Tests.Unit.csproj", "{26E24331-CA0F-4BFD-B162-4C7BDA8133ED}"
EndProject
Project("{9A19103F-16F7-4668-BE54-9A1E7A4F7556}") = "DSA.SearchAlgorithms", "DSA.SearchAlgorithms\DSA.SearchAlgorithms.csproj", "{88AC6143-86B4-4284-9570-23FFF84BE55F}"
EndProject
Project("{9A19103F-16F7-4668-BE54-9A1E7A4F7556}") = "DSA.ConsoleApplication", "DSA.ConsoleApplication\DSA.ConsoleApplication.csproj", "{B45609A4-C220-4E62-9A52-E575349752AB}"
EndProject
Project("{9A19103F-16F7-4668-BE54-9A1E7A4F7556}") = "DSA.LinkedLists", "DSA.LinkedLists\DSA.LinkedLists.csproj", "{451FDE87-C787-4F7D-B86B-301287D9CD20}"
EndProject
Project("{FAE04EC0-301F-11D3-BF4B-00C04F79EFBC}") = "DSA.StacksAndQueues", "DSA.StacksAndQueues\DSA.StacksAndQueues.csproj", "{F9211FA9-DA95-4575-A42E-BE3D733E20A9}"
EndProject
Global
	GlobalSection(SolutionConfigurationPlatforms) = preSolution
		Debug|Any CPU = Debug|Any CPU
		Release|Any CPU = Release|Any CPU
	EndGlobalSection
	GlobalSection(ProjectConfigurationPlatforms) = postSolution
		{D9FD1D06-648B-4BC1-96EF-2FC782200F90}.Debug|Any CPU.ActiveCfg = Debug|Any CPU
		{D9FD1D06-648B-4BC1-96EF-2FC782200F90}.Debug|Any CPU.Build.0 = Debug|Any CPU
		{D9FD1D06-648B-4BC1-96EF-2FC782200F90}.Release|Any CPU.ActiveCfg = Release|Any CPU
		{D9FD1D06-648B-4BC1-96EF-2FC782200F90}.Release|Any CPU.Build.0 = Release|Any CPU
		{26E24331-CA0F-4BFD-B162-4C7BDA8133ED}.Debug|Any CPU.ActiveCfg = Debug|Any CPU
		{26E24331-CA0F-4BFD-B162-4C7BDA8133ED}.Debug|Any CPU.Build.0 = Debug|Any CPU
		{26E24331-CA0F-4BFD-B162-4C7BDA8133ED}.Release|Any CPU.ActiveCfg = Release|Any CPU
		{26E24331-CA0F-4BFD-B162-4C7BDA8133ED}.Release|Any CPU.Build.0 = Release|Any CPU
		{88AC6143-86B4-4284-9570-23FFF84BE55F}.Debug|Any CPU.ActiveCfg = Debug|Any CPU
		{88AC6143-86B4-4284-9570-23FFF84BE55F}.Debug|Any CPU.Build.0 = Debug|Any CPU
		{88AC6143-86B4-4284-9570-23FFF84BE55F}.Release|Any CPU.ActiveCfg = Release|Any CPU
		{88AC6143-86B4-4284-9570-23FFF84BE55F}.Release|Any CPU.Build.0 = Release|Any CPU
		{B45609A4-C220-4E62-9A52-E575349752AB}.Debug|Any CPU.ActiveCfg = Debug|Any CPU
		{B45609A4-C220-4E62-9A52-E575349752AB}.Debug|Any CPU.Build.0 = Debug|Any CPU
		{B45609A4-C220-4E62-9A52-E575349752AB}.Release|Any CPU.ActiveCfg = Release|Any CPU
		{B45609A4-C220-4E62-9A52-E575349752AB}.Release|Any CPU.Build.0 = Release|Any CPU
		{451FDE87-C787-4F7D-B86B-301287D9CD20}.Debug|Any CPU.ActiveCfg = Debug|Any CPU
		{451FDE87-C787-4F7D-B86B-301287D9CD20}.Debug|Any CPU.Build.0 = Debug|Any CPU
		{451FDE87-C787-4F7D-B86B-301287D9CD20}.Release|Any CPU.ActiveCfg = Release|Any CPU
		{451FDE87-C787-4F7D-B86B-301287D9CD20}.Release|Any CPU.Build.0 = Release|Any CPU
		{F9211FA9-DA95-4575-A42E-BE3D733E20A9}.Debug|Any CPU.ActiveCfg = Debug|Any CPU
		{F9211FA9-DA95-4575-A42E-BE3D733E20A9}.Debug|Any CPU.Build.0 = Debug|Any CPU
		{F9211FA9-DA95-4575-A42E-BE3D733E20A9}.Release|Any CPU.ActiveCfg = Release|Any CPU
		{F9211FA9-DA95-4575-A42E-BE3D733E20A9}.Release|Any CPU.Build.0 = Release|Any CPU
	EndGlobalSection
	GlobalSection(SolutionProperties) = preSolution
		HideSolutionNode = FALSE
	EndGlobalSection
	GlobalSection(NestedProjects) = preSolution
		{26E24331-CA0F-4BFD-B162-4C7BDA8133ED} = {58F3635F-CD5D-4592-B4DC-1886AB7F644C}
	EndGlobalSection
	GlobalSection(ExtensibilityGlobals) = postSolution
		SolutionGuid = {12E0F0A5-ACA7-4700-B201-30AF5C701082}
	EndGlobalSection
EndGlobal
